lockfileVersion: '9.0'

settings:
  autoInstallPeers: true
  excludeLinksFromLockfile: false

importers:

  .:
    dependencies:
      '@forge/resolver':
        specifier: '>=1.6.0 <2.0.0'
        version: 1.6.10

packages:

  '@forge/api@5.2.0':
    resolution: {integrity: sha512-Kc0qzqccviRqC0Nj0pFhzEi7G6duQRicYUERLy6IwR0ETBGJx6VCFqHbKRKT8ZxpEhTSBp9NItLuV7ayBXGBew==}

  '@forge/auth@0.0.7':
    resolution: {integrity: sha512-9wzbl7FoaTZsVXuBI6F4O9TWRucpM76WILKoimGSK/1n6JMiai0QHBmBJLAon8jO/MmTJSHPxLE48UjR+J2s7Q==}

  '@forge/egress@1.4.0':
    resolution: {integrity: sha512-7Jrjq6kgF32yI4kqSmXz6z6ac9zOyrEn3NEq4jDUZ2eAq/qn0UugE/+9t7MlEd1jsz94hY9utezwjqkRc1qKwQ==}

  '@forge/i18n@0.0.5':
    resolution: {integrity: sha512-G4M8NTXbNR5HzpYNFQMczypUuxoItdtAMQmwIgUkzE2osrjPRKhFx/VniMGnnXoowgmDLoaMtMcllvxcm/YnVA==}

  '@forge/resolver@1.6.10':
    resolution: {integrity: sha512-AeXGyE7N1JE9mmv/D9S4VP6MVoUEG6ccqKqLYpmP0ui1NWv4GJayPMbBu8REmumExHOjbfvRuGe1SzUMWt4Nww==}

  '@forge/storage@1.8.0':
    resolution: {integrity: sha512-xDHyrXKZ10r99vXsWmuD7+AUFWrptyAi8HFk+97froly6MDKT4V1zgV/0eV8fOCVKz9GX+HiGZNTnCjzpGqKxA==}

  '@forge/util@1.4.8':
    resolution: {integrity: sha512-5D3E2W6j4VzNet2X98It8GRfOJFAkAI/eyCz1VFOX2BzYBMFofuyHr4/PDDpan/I6MnYtSdamlC8P7Q/B3OJDg==}

  balanced-match@1.0.2:
    resolution: {integrity: sha512-3oSeUO0TMV67hN1AmbXsK4yaqU7tjiHlbxRDZOpH0KW9+CeX4bRAaX0Anxt0tx2MrpRpWwQaPwIlISEJhYU5Pw==}

  brace-expansion@2.0.1:
    resolution: {integrity: sha512-XnAIvQ8eM+kC6aULx6wuQiwVsnzsi9d3WxzV3FpWTGA19F621kwdbsAcFKXgKUHZWsy+mY6iL1sHTxWEFCytDA==}

  headers-utils@3.0.2:
    resolution: {integrity: sha512-xAxZkM1dRyGV2Ou5bzMxBPNLoRCjcX+ya7KSWybQD2KwLphxsapUVK6x/02o7f4VU6GPSXch9vNY2+gkU8tYWQ==}

  lodash@4.17.21:
    resolution: {integrity: sha512-v2kDEe57lecTulaDIuNTPy3Ry4gLGJ6Z1O3vE1krgXZNrsQ+LFTGHVxVjcXPs17LhbZVGedAJv8XZ1tvj5FvSg==}

  minimatch@9.0.5:
    resolution: {integrity: sha512-G6T0ZX48xgozx7587koeX9Ys2NYy6Gmv//P89sEte9V9whIapMNF4idKxnW2QtCcLiTWlb/wfCabAtAFWhhBow==}
    engines: {node: '>=16 || 14 >=14.17'}

  tslib@2.8.1:
    resolution: {integrity: sha512-oJFu94HQb+KVduSUQL7wnpmqnfmLsOA/nAh6b6EH0wCEoK0/mPeXU6c3wKDV83MkOuHPRHtSXKKU99IBazS/2w==}

snapshots:

  '@forge/api@5.2.0':
    dependencies:
      '@forge/auth': 0.0.7
      '@forge/egress': 1.4.0
      '@forge/i18n': 0.0.5
      '@forge/storage': 1.8.0
      '@forge/util': 1.4.8
      headers-utils: 3.0.2

  '@forge/auth@0.0.7':
    dependencies:
      tslib: 2.8.1

  '@forge/egress@1.4.0':
    dependencies:
      minimatch: 9.0.5

  '@forge/i18n@0.0.5':
    dependencies:
      lodash: 4.17.21

  '@forge/resolver@1.6.10':
    dependencies:
      '@forge/api': 5.2.0

  '@forge/storage@1.8.0': {}

  '@forge/util@1.4.8': {}

  balanced-match@1.0.2: {}

  brace-expansion@2.0.1:
    dependencies:
      balanced-match: 1.0.2

  headers-utils@3.0.2: {}

  lodash@4.17.21: {}

  minimatch@9.0.5:
    dependencies:
      brace-expansion: 2.0.1

  tslib@2.8.1: {}
